
Microsoft Visual Studio Solution File, Format Version 12.00
# Visual Studio Version 17
VisualStudioVersion = 17.0.31903.59
MinimumVisualStudioVersion = 10.0.40219.1
Project("{9A19103F-16F7-4668-BE54-9A1E7A4F7556}") = "VacationsModule.WebApi", "src\VacationsModule.WebApi\VacationsModule.WebApi.csproj", "{74930596-4395-452E-BCCA-CE33FCC95937}"
EndProject
Project("{9A19103F-16F7-4668-BE54-9A1E7A4F7556}") = "VacationsModule.Domain", "src\VacationsModule.Domain\VacationsModule.Domain.csproj", "{45401B9B-10FD-4A67-85D0-94699993ED68}"
EndProject
Project("{9A19103F-16F7-4668-BE54-9A1E7A4F7556}") = "VacationsModule.Application", "src\VacationsModule.Application\VacationsModule.Application.csproj", "{E52AFCDF-271F-4969-9DB6-36C218645825}"
EndProject
Project("{9A19103F-16F7-4668-BE54-9A1E7A4F7556}") = "VacationsModule.Infrastructure", "src\VacationsModule.Infrastructure\VacationsModule.Infrastructure.csproj", "{FBD0078F-3DD5-4B86-9829-856C6C211E89}"
EndProject
Project("{2150E333-8FDC-42A3-9474-1A3956D46DE8}") = "src", "src", "{F96A1C90-164D-4266-B7E4-F3FFE75E5166}"
EndProject
Project("{2150E333-8FDC-42A3-9474-1A3956D46DE8}") = "test", "test", "{0C440328-F0C0-4C5B-B754-C7EBA32E45D8}"
EndProject
Project("{9A19103F-16F7-4668-BE54-9A1E7A4F7556}") = "VacationsModule.UnitTests", "test\VacationsModule.UnitTests\VacationsModule.UnitTests.csproj", "{97C896D7-B43C-4898-87B5-FFA424F3919D}"
EndProject
Project("{9A19103F-16F7-4668-BE54-9A1E7A4F7556}") = "z_VacationsModule.IntegrationTests", "test\z_VacationsModule.IntegrationTests\z_VacationsModule.IntegrationTests.csproj", "{1F956D0C-B667-4C18-9061-DD341911F8DC}"
EndProject
Project("{E53339B2-1760-4266-BCC7-CA923CBCF16C}") = "docker-compose", "docker-compose.dcproj", "{4142FFE8-DD5B-4D17-8518-FA23B2F36912}"
EndProject
Global
	GlobalSection(SolutionConfigurationPlatforms) = preSolution
		Debug|Any CPU = Debug|Any CPU
		Release|Any CPU = Release|Any CPU
	EndGlobalSection
	GlobalSection(ProjectConfigurationPlatforms) = postSolution
		{74930596-4395-452E-BCCA-CE33FCC95937}.Debug|Any CPU.ActiveCfg = Debug|Any CPU
		{74930596-4395-452E-BCCA-CE33FCC95937}.Debug|Any CPU.Build.0 = Debug|Any CPU
		{74930596-4395-452E-BCCA-CE33FCC95937}.Release|Any CPU.ActiveCfg = Release|Any CPU
		{74930596-4395-452E-BCCA-CE33FCC95937}.Release|Any CPU.Build.0 = Release|Any CPU
		{45401B9B-10FD-4A67-85D0-94699993ED68}.Debug|Any CPU.ActiveCfg = Debug|Any CPU
		{45401B9B-10FD-4A67-85D0-94699993ED68}.Debug|Any CPU.Build.0 = Debug|Any CPU
		{45401B9B-10FD-4A67-85D0-94699993ED68}.Release|Any CPU.ActiveCfg = Release|Any CPU
		{45401B9B-10FD-4A67-85D0-94699993ED68}.Release|Any CPU.Build.0 = Release|Any CPU
		{E52AFCDF-271F-4969-9DB6-36C218645825}.Debug|Any CPU.ActiveCfg = Debug|Any CPU
		{E52AFCDF-271F-4969-9DB6-36C218645825}.Debug|Any CPU.Build.0 = Debug|Any CPU
		{E52AFCDF-271F-4969-9DB6-36C218645825}.Release|Any CPU.ActiveCfg = Release|Any CPU
		{E52AFCDF-271F-4969-9DB6-36C218645825}.Release|Any CPU.Build.0 = Release|Any CPU
		{FBD0078F-3DD5-4B86-9829-856C6C211E89}.Debug|Any CPU.ActiveCfg = Debug|Any CPU
		{FBD0078F-3DD5-4B86-9829-856C6C211E89}.Debug|Any CPU.Build.0 = Debug|Any CPU
		{FBD0078F-3DD5-4B86-9829-856C6C211E89}.Release|Any CPU.ActiveCfg = Release|Any CPU
		{FBD0078F-3DD5-4B86-9829-856C6C211E89}.Release|Any CPU.Build.0 = Release|Any CPU
		{97C896D7-B43C-4898-87B5-FFA424F3919D}.Debug|Any CPU.ActiveCfg = Debug|Any CPU
		{97C896D7-B43C-4898-87B5-FFA424F3919D}.Debug|Any CPU.Build.0 = Debug|Any CPU
		{97C896D7-B43C-4898-87B5-FFA424F3919D}.Release|Any CPU.ActiveCfg = Release|Any CPU
		{97C896D7-B43C-4898-87B5-FFA424F3919D}.Release|Any CPU.Build.0 = Release|Any CPU
		{1F956D0C-B667-4C18-9061-DD341911F8DC}.Debug|Any CPU.ActiveCfg = Debug|Any CPU
		{1F956D0C-B667-4C18-9061-DD341911F8DC}.Debug|Any CPU.Build.0 = Debug|Any CPU
		{1F956D0C-B667-4C18-9061-DD341911F8DC}.Release|Any CPU.ActiveCfg = Release|Any CPU
		{1F956D0C-B667-4C18-9061-DD341911F8DC}.Release|Any CPU.Build.0 = Release|Any CPU
		{4142FFE8-DD5B-4D17-8518-FA23B2F36912}.Debug|Any CPU.ActiveCfg = Debug|Any CPU
		{4142FFE8-DD5B-4D17-8518-FA23B2F36912}.Debug|Any CPU.Build.0 = Debug|Any CPU
		{4142FFE8-DD5B-4D17-8518-FA23B2F36912}.Release|Any CPU.ActiveCfg = Release|Any CPU
		{4142FFE8-DD5B-4D17-8518-FA23B2F36912}.Release|Any CPU.Build.0 = Release|Any CPU
	EndGlobalSection
	GlobalSection(SolutionProperties) = preSolution
		HideSolutionNode = FALSE
	EndGlobalSection
	GlobalSection(NestedProjects) = preSolution
		{74930596-4395-452E-BCCA-CE33FCC95937} = {F96A1C90-164D-4266-B7E4-F3FFE75E5166}
		{45401B9B-10FD-4A67-85D0-94699993ED68} = {F96A1C90-164D-4266-B7E4-F3FFE75E5166}
		{E52AFCDF-271F-4969-9DB6-36C218645825} = {F96A1C90-164D-4266-B7E4-F3FFE75E5166}
		{FBD0078F-3DD5-4B86-9829-856C6C211E89} = {F96A1C90-164D-4266-B7E4-F3FFE75E5166}
		{97C896D7-B43C-4898-87B5-FFA424F3919D} = {0C440328-F0C0-4C5B-B754-C7EBA32E45D8}
		{1F956D0C-B667-4C18-9061-DD341911F8DC} = {0C440328-F0C0-4C5B-B754-C7EBA32E45D8}
	EndGlobalSection
	GlobalSection(ExtensibilityGlobals) = postSolution
		SolutionGuid = {AA67E4FA-319E-4E2C-A730-1D181D99AE62}
	EndGlobalSection
EndGlobal
